// !$*UTF8*$!
{
	archiveVersion = 1;
	classes = {
	};
	objectVersion = 56;
	objects = {

/* Begin PBXBuildFile section */
		6607A1162CB569C700DA2E97 /* Innings.swift in Sources */ = {isa = PBXBuildFile; fileRef = 6607A1152CB569C700DA2E97 /* Innings.swift */; };
		66312E112C9D147C006B7C94 /* main.swift in Sources */ = {isa = PBXBuildFile; fileRef = 66312E102C9D147C006B7C94 /* main.swift */; };
		66312E182C9D1492006B7C94 /* Player.swift in Sources */ = {isa = PBXBuildFile; fileRef = 66312E172C9D1492006B7C94 /* Player.swift */; };
		6669A8A62CB2425700CE2DB2 /* ScoreKeeper.swift in Sources */ = {isa = PBXBuildFile; fileRef = 6669A8A52CB2425700CE2DB2 /* ScoreKeeper.swift */; };
		6669A8A82CB242F100CE2DB2 /* Printer.swift in Sources */ = {isa = PBXBuildFile; fileRef = 6669A8A72CB242F100CE2DB2 /* Printer.swift */; };
		669F57112CB154F300CAC040 /* TeamManager.swift in Sources */ = {isa = PBXBuildFile; fileRef = 669F57102CB154F300CAC040 /* TeamManager.swift */; };
		66E3354A2C9F1D0700DD47F7 /* Team.swift in Sources */ = {isa = PBXBuildFile; fileRef = 66E335492C9F1D0700DD47F7 /* Team.swift */; };
		66E3354D2C9F1F8E00DD47F7 /* Delivery.swift in Sources */ = {isa = PBXBuildFile; fileRef = 66E3354C2C9F1F8E00DD47F7 /* Delivery.swift */; };
		66E335502C9F1FFE00DD47F7 /* Batsman.swift in Sources */ = {isa = PBXBuildFile; fileRef = 66E3354F2C9F1FFE00DD47F7 /* Batsman.swift */; };
		66E335522C9F203200DD47F7 /* Bowler.swift in Sources */ = {isa = PBXBuildFile; fileRef = 66E335512C9F203200DD47F7 /* Bowler.swift */; };
		66E335542C9F207300DD47F7 /* InningStats.swift in Sources */ = {isa = PBXBuildFile; fileRef = 66E335532C9F207300DD47F7 /* InningStats.swift */; };
		66E335562C9F20CB00DD47F7 /* TeamStats.swift in Sources */ = {isa = PBXBuildFile; fileRef = 66E335552C9F20CB00DD47F7 /* TeamStats.swift */; };
		66E335582C9F213600DD47F7 /* MatchStats.swift in Sources */ = {isa = PBXBuildFile; fileRef = 66E335572C9F213600DD47F7 /* MatchStats.swift */; };
		66E3355A2C9F216100DD47F7 /* DeliveryStats.swift in Sources */ = {isa = PBXBuildFile; fileRef = 66E335592C9F216100DD47F7 /* DeliveryStats.swift */; };
		66E3355C2C9F21CD00DD47F7 /* OverStats.swift in Sources */ = {isa = PBXBuildFile; fileRef = 66E3355B2C9F21CD00DD47F7 /* OverStats.swift */; };
		66E335602C9F411900DD47F7 /* Constants.swift in Sources */ = {isa = PBXBuildFile; fileRef = 66E3355F2C9F411900DD47F7 /* Constants.swift */; };
/* End PBXBuildFile section */

/* Begin PBXCopyFilesBuildPhase section */
		66312E0B2C9D147C006B7C94 /* CopyFiles */ = {
			isa = PBXCopyFilesBuildPhase;
			buildActionMask = 2147483647;
			dstPath = /usr/share/man/man1/;
			dstSubfolderSpec = 0;
			files = (
			);
			runOnlyForDeploymentPostprocessing = 1;
		};
/* End PBXCopyFilesBuildPhase section */

/* Begin PBXFileReference section */
		6607A1152CB569C700DA2E97 /* Innings.swift */ = {isa = PBXFileReference; lastKnownFileType = sourcecode.swift; path = Innings.swift; sourceTree = "<group>"; };
		66312E0D2C9D147C006B7C94 /* CricketScoreCounter */ = {isa = PBXFileReference; explicitFileType = "compiled.mach-o.executable"; includeInIndex = 0; path = CricketScoreCounter; sourceTree = BUILT_PRODUCTS_DIR; };
		66312E102C9D147C006B7C94 /* main.swift */ = {isa = PBXFileReference; lastKnownFileType = sourcecode.swift; path = main.swift; sourceTree = "<group>"; };
		66312E172C9D1492006B7C94 /* Player.swift */ = {isa = PBXFileReference; lastKnownFileType = sourcecode.swift; path = Player.swift; sourceTree = "<group>"; };
		6669A8A52CB2425700CE2DB2 /* ScoreKeeper.swift */ = {isa = PBXFileReference; lastKnownFileType = sourcecode.swift; path = ScoreKeeper.swift; sourceTree = "<group>"; };
		6669A8A72CB242F100CE2DB2 /* Printer.swift */ = {isa = PBXFileReference; lastKnownFileType = sourcecode.swift; path = Printer.swift; sourceTree = "<group>"; };
		669F57102CB154F300CAC040 /* TeamManager.swift */ = {isa = PBXFileReference; lastKnownFileType = sourcecode.swift; path = TeamManager.swift; sourceTree = "<group>"; };
		66E335492C9F1D0700DD47F7 /* Team.swift */ = {isa = PBXFileReference; lastKnownFileType = sourcecode.swift; path = Team.swift; sourceTree = "<group>"; };
		66E3354C2C9F1F8E00DD47F7 /* Delivery.swift */ = {isa = PBXFileReference; lastKnownFileType = sourcecode.swift; path = Delivery.swift; sourceTree = "<group>"; };
		66E3354F2C9F1FFE00DD47F7 /* Batsman.swift */ = {isa = PBXFileReference; lastKnownFileType = sourcecode.swift; path = Batsman.swift; sourceTree = "<group>"; };
		66E335512C9F203200DD47F7 /* Bowler.swift */ = {isa = PBXFileReference; lastKnownFileType = sourcecode.swift; path = Bowler.swift; sourceTree = "<group>"; };
		66E335532C9F207300DD47F7 /* InningStats.swift */ = {isa = PBXFileReference; lastKnownFileType = sourcecode.swift; path = InningStats.swift; sourceTree = "<group>"; };
		66E335552C9F20CB00DD47F7 /* TeamStats.swift */ = {isa = PBXFileReference; lastKnownFileType = sourcecode.swift; path = TeamStats.swift; sourceTree = "<group>"; };
		66E335572C9F213600DD47F7 /* MatchStats.swift */ = {isa = PBXFileReference; lastKnownFileType = sourcecode.swift; path = MatchStats.swift; sourceTree = "<group>"; };
		66E335592C9F216100DD47F7 /* DeliveryStats.swift */ = {isa = PBXFileReference; lastKnownFileType = sourcecode.swift; path = DeliveryStats.swift; sourceTree = "<group>"; };
		66E3355B2C9F21CD00DD47F7 /* OverStats.swift */ = {isa = PBXFileReference; lastKnownFileType = sourcecode.swift; path = OverStats.swift; sourceTree = "<group>"; };
		66E3355F2C9F411900DD47F7 /* Constants.swift */ = {isa = PBXFileReference; lastKnownFileType = sourcecode.swift; path = Constants.swift; sourceTree = "<group>"; };
/* End PBXFileReference section */

/* Begin PBXFrameworksBuildPhase section */
		66312E0A2C9D147C006B7C94 /* Frameworks */ = {
			isa = PBXFrameworksBuildPhase;
			buildActionMask = 2147483647;
			files = (
			);
			runOnlyForDeploymentPostprocessing = 0;
		};
/* End PBXFrameworksBuildPhase section */

/* Begin PBXGroup section */
		66312E042C9D147C006B7C94 = {
			isa = PBXGroup;
			children = (
				66312E0F2C9D147C006B7C94 /* CricketScoreCounter */,
				66312E0E2C9D147C006B7C94 /* Products */,
			);
			sourceTree = "<group>";
		};
		66312E0E2C9D147C006B7C94 /* Products */ = {
			isa = PBXGroup;
			children = (
				66312E0D2C9D147C006B7C94 /* CricketScoreCounter */,
			);
			name = Products;
			sourceTree = "<group>";
		};
		66312E0F2C9D147C006B7C94 /* CricketScoreCounter */ = {
			isa = PBXGroup;
			children = (
				66E3354B2C9F1F5000DD47F7 /* models */,
				66312E102C9D147C006B7C94 /* main.swift */,
				66E3355F2C9F411900DD47F7 /* Constants.swift */,
				669F57102CB154F300CAC040 /* TeamManager.swift */,
				6669A8A52CB2425700CE2DB2 /* ScoreKeeper.swift */,
				6669A8A72CB242F100CE2DB2 /* Printer.swift */,
			);
			path = CricketScoreCounter;
			sourceTree = "<group>";
		};
		66E3354B2C9F1F5000DD47F7 /* models */ = {
			isa = PBXGroup;
			children = (
				66E3354E2C9F1FED00DD47F7 /* stats */,
				66312E172C9D1492006B7C94 /* Player.swift */,
				66E335492C9F1D0700DD47F7 /* Team.swift */,
				66E3354C2C9F1F8E00DD47F7 /* Delivery.swift */,
				66E3354F2C9F1FFE00DD47F7 /* Batsman.swift */,
				66E335512C9F203200DD47F7 /* Bowler.swift */,
				6607A1152CB569C700DA2E97 /* Innings.swift */,
			);
			path = models;
			sourceTree = "<group>";
		};
		66E3354E2C9F1FED00DD47F7 /* stats */ = {
			isa = PBXGroup;
			children = (
				66E335532C9F207300DD47F7 /* InningStats.swift */,
				66E335552C9F20CB00DD47F7 /* TeamStats.swift */,
				66E335572C9F213600DD47F7 /* MatchStats.swift */,
				66E335592C9F216100DD47F7 /* DeliveryStats.swift */,
				66E3355B2C9F21CD00DD47F7 /* OverStats.swift */,
			);
			path = stats;
			sourceTree = "<group>";
		};
/* End PBXGroup section */

/* Begin PBXNativeTarget section */
		66312E0C2C9D147C006B7C94 /* CricketScoreCounter */ = {
			isa = PBXNativeTarget;
			buildConfigurationList = 66312E142C9D147C006B7C94 /* Build configuration list for PBXNativeTarget "CricketScoreCounter" */;
			buildPhases = (
				66312E092C9D147C006B7C94 /* Sources */,
				66312E0A2C9D147C006B7C94 /* Frameworks */,
				66312E0B2C9D147C006B7C94 /* CopyFiles */,
			);
			buildRules = (
			);
			dependencies = (
			);
			name = CricketScoreCounter;
			productName = CricketScoreCounter;
			productReference = 66312E0D2C9D147C006B7C94 /* CricketScoreCounter */;
			productType = "com.apple.product-type.tool";
		};
/* End PBXNativeTarget section */

/* Begin PBXProject section */
		66312E052C9D147C006B7C94 /* Project object */ = {
			isa = PBXProject;
			attributes = {
				BuildIndependentTargetsInParallel = 1;
				LastSwiftUpdateCheck = 1520;
				LastUpgradeCheck = 1520;
				TargetAttributes = {
					66312E0C2C9D147C006B7C94 = {
						CreatedOnToolsVersion = 15.2;
					};
				};
			};
			buildConfigurationList = 66312E082C9D147C006B7C94 /* Build configuration list for PBXProject "CricketScoreCounter" */;
			compatibilityVersion = "Xcode 14.0";
			developmentRegion = en;
			hasScannedForEncodings = 0;
			knownRegions = (
				en,
				Base,
			);
			mainGroup = 66312E042C9D147C006B7C94;
			productRefGroup = 66312E0E2C9D147C006B7C94 /* Products */;
			projectDirPath = "";
			projectRoot = "";
			targets = (
				66312E0C2C9D147C006B7C94 /* CricketScoreCounter */,
			);
		};
/* End PBXProject section */

/* Begin PBXSourcesBuildPhase section */
		66312E092C9D147C006B7C94 /* Sources */ = {
			isa = PBXSourcesBuildPhase;
			buildActionMask = 2147483647;
			files = (
				66E335562C9F20CB00DD47F7 /* TeamStats.swift in Sources */,
				66E3355C2C9F21CD00DD47F7 /* OverStats.swift in Sources */,
				6607A1162CB569C700DA2E97 /* Innings.swift in Sources */,
				66E335522C9F203200DD47F7 /* Bowler.swift in Sources */,
				66E335582C9F213600DD47F7 /* MatchStats.swift in Sources */,
				66E3354A2C9F1D0700DD47F7 /* Team.swift in Sources */,
				6669A8A62CB2425700CE2DB2 /* ScoreKeeper.swift in Sources */,
				66E3354D2C9F1F8E00DD47F7 /* Delivery.swift in Sources */,
				66E335602C9F411900DD47F7 /* Constants.swift in Sources */,
				66312E182C9D1492006B7C94 /* Player.swift in Sources */,
				66E335542C9F207300DD47F7 /* InningStats.swift in Sources */,
				66E335502C9F1FFE00DD47F7 /* Batsman.swift in Sources */,
				6669A8A82CB242F100CE2DB2 /* Printer.swift in Sources */,
				66312E112C9D147C006B7C94 /* main.swift in Sources */,
				669F57112CB154F300CAC040 /* TeamManager.swift in Sources */,
				66E3355A2C9F216100DD47F7 /* DeliveryStats.swift in Sources */,
			);
			runOnlyForDeploymentPostprocessing = 0;
		};
/* End PBXSourcesBuildPhase section */

/* Begin XCBuildConfiguration section */
		66312E122C9D147C006B7C94 /* Debug */ = {
			isa = XCBuildConfiguration;
			buildSettings = {
				ALWAYS_SEARCH_USER_PATHS = NO;
				ASSETCATALOG_COMPILER_GENERATE_SWIFT_ASSET_SYMBOL_EXTENSIONS = YES;
				CLANG_ANALYZER_NONNULL = YES;
				CLANG_ANALYZER_NUMBER_OBJECT_CONVERSION = YES_AGGRESSIVE;
				CLANG_CXX_LANGUAGE_STANDARD = "gnu++20";
				CLANG_ENABLE_MODULES = YES;
				CLANG_ENABLE_OBJC_ARC = YES;
				CLANG_ENABLE_OBJC_WEAK = YES;
				CLANG_WARN_BLOCK_CAPTURE_AUTORELEASING = YES;
				CLANG_WARN_BOOL_CONVERSION = YES;
				CLANG_WARN_COMMA = YES;
				CLANG_WARN_CONSTANT_CONVERSION = YES;
				CLANG_WARN_DEPRECATED_OBJC_IMPLEMENTATIONS = YES;
				CLANG_WARN_DIRECT_OBJC_ISA_USAGE = YES_ERROR;
				CLANG_WARN_DOCUMENTATION_COMMENTS = YES;
				CLANG_WARN_EMPTY_BODY = YES;
				CLANG_WARN_ENUM_CONVERSION = YES;
				CLANG_WARN_INFINITE_RECURSION = YES;
				CLANG_WARN_INT_CONVERSION = YES;
				CLANG_WARN_NON_LITERAL_NULL_CONVERSION = YES;
				CLANG_WARN_OBJC_IMPLICIT_RETAIN_SELF = YES;
				CLANG_WARN_OBJC_LITERAL_CONVERSION = YES;
				CLANG_WARN_OBJC_ROOT_CLASS = YES_ERROR;
				CLANG_WARN_QUOTED_INCLUDE_IN_FRAMEWORK_HEADER = YES;
				CLANG_WARN_RANGE_LOOP_ANALYSIS = YES;
				CLANG_WARN_STRICT_PROTOTYPES = YES;
				CLANG_WARN_SUSPICIOUS_MOVE = YES;
				CLANG_WARN_UNGUARDED_AVAILABILITY = YES_AGGRESSIVE;
				CLANG_WARN_UNREACHABLE_CODE = YES;
				CLANG_WARN__DUPLICATE_METHOD_MATCH = YES;
				COPY_PHASE_STRIP = NO;
				DEBUG_INFORMATION_FORMAT = dwarf;
				ENABLE_STRICT_OBJC_MSGSEND = YES;
				ENABLE_TESTABILITY = YES;
				ENABLE_USER_SCRIPT_SANDBOXING = YES;
				GCC_C_LANGUAGE_STANDARD = gnu17;
				GCC_DYNAMIC_NO_PIC = NO;
				GCC_NO_COMMON_BLOCKS = YES;
				GCC_OPTIMIZATION_LEVEL = 0;
				GCC_PREPROCESSOR_DEFINITIONS = (
					"DEBUG=1",
					"$(inherited)",
				);
				GCC_WARN_64_TO_32_BIT_CONVERSION = YES;
				GCC_WARN_ABOUT_RETURN_TYPE = YES_ERROR;
				GCC_WARN_UNDECLARED_SELECTOR = YES;
				GCC_WARN_UNINITIALIZED_AUTOS = YES_AGGRESSIVE;
				GCC_WARN_UNUSED_FUNCTION = YES;
				GCC_WARN_UNUSED_VARIABLE = YES;
				LOCALIZATION_PREFERS_STRING_CATALOGS = YES;
				MACOSX_DEPLOYMENT_TARGET = 14.2;
				MTL_ENABLE_DEBUG_INFO = INCLUDE_SOURCE;
				MTL_FAST_MATH = YES;
				ONLY_ACTIVE_ARCH = YES;
				SDKROOT = macosx;
				SWIFT_ACTIVE_COMPILATION_CONDITIONS = "DEBUG $(inherited)";
				SWIFT_OPTIMIZATION_LEVEL = "-Onone";
			};
			name = Debug;
		};
		66312E132C9D147C006B7C94 /* Release */ = {
			isa = XCBuildConfiguration;
			buildSettings = {
				ALWAYS_SEARCH_USER_PATHS = NO;
				ASSETCATALOG_COMPILER_GENERATE_SWIFT_ASSET_SYMBOL_EXTENSIONS = YES;
				CLANG_ANALYZER_NONNULL = YES;
				CLANG_ANALYZER_NUMBER_OBJECT_CONVERSION = YES_AGGRESSIVE;
				CLANG_CXX_LANGUAGE_STANDARD = "gnu++20";
				CLANG_ENABLE_MODULES = YES;
				CLANG_ENABLE_OBJC_ARC = YES;
				CLANG_ENABLE_OBJC_WEAK = YES;
				CLANG_WARN_BLOCK_CAPTURE_AUTORELEASING = YES;
				CLANG_WARN_BOOL_CONVERSION = YES;
				CLANG_WARN_COMMA = YES;
				CLANG_WARN_CONSTANT_CONVERSION = YES;
				CLANG_WARN_DEPRECATED_OBJC_IMPLEMENTATIONS = YES;
				CLANG_WARN_DIRECT_OBJC_ISA_USAGE = YES_ERROR;
				CLANG_WARN_DOCUMENTATION_COMMENTS = YES;
				CLANG_WARN_EMPTY_BODY = YES;
				CLANG_WARN_ENUM_CONVERSION = YES;
				CLANG_WARN_INFINITE_RECURSION = YES;
				CLANG_WARN_INT_CONVERSION = YES;
				CLANG_WARN_NON_LITERAL_NULL_CONVERSION = YES;
				CLANG_WARN_OBJC_IMPLICIT_RETAIN_SELF = YES;
				CLANG_WARN_OBJC_LITERAL_CONVERSION = YES;
				CLANG_WARN_OBJC_ROOT_CLASS = YES_ERROR;
				CLANG_WARN_QUOTED_INCLUDE_IN_FRAMEWORK_HEADER = YES;
				CLANG_WARN_RANGE_LOOP_ANALYSIS = YES;
				CLANG_WARN_STRICT_PROTOTYPES = YES;
				CLANG_WARN_SUSPICIOUS_MOVE = YES;
				CLANG_WARN_UNGUARDED_AVAILABILITY = YES_AGGRESSIVE;
				CLANG_WARN_UNREACHABLE_CODE = YES;
				CLANG_WARN__DUPLICATE_METHOD_MATCH = YES;
				COPY_PHASE_STRIP = NO;
				DEBUG_INFORMATION_FORMAT = "dwarf-with-dsym";
				ENABLE_NS_ASSERTIONS = NO;
				ENABLE_STRICT_OBJC_MSGSEND = YES;
				ENABLE_USER_SCRIPT_SANDBOXING = YES;
				GCC_C_LANGUAGE_STANDARD = gnu17;
				GCC_NO_COMMON_BLOCKS = YES;
				GCC_WARN_64_TO_32_BIT_CONVERSION = YES;
				GCC_WARN_ABOUT_RETURN_TYPE = YES_ERROR;
				GCC_WARN_UNDECLARED_SELECTOR = YES;
				GCC_WARN_UNINITIALIZED_AUTOS = YES_AGGRESSIVE;
				GCC_WARN_UNUSED_FUNCTION = YES;
				GCC_WARN_UNUSED_VARIABLE = YES;
				LOCALIZATION_PREFERS_STRING_CATALOGS = YES;
				MACOSX_DEPLOYMENT_TARGET = 14.2;
				MTL_ENABLE_DEBUG_INFO = NO;
				MTL_FAST_MATH = YES;
				SDKROOT = macosx;
				SWIFT_COMPILATION_MODE = wholemodule;
			};
			name = Release;
		};
		66312E152C9D147C006B7C94 /* Debug */ = {
			isa = XCBuildConfiguration;
			buildSettings = {
				CODE_SIGN_STYLE = Automatic;
				DEVELOPMENT_TEAM = 36SCB82HS6;
				ENABLE_HARDENED_RUNTIME = YES;
				PRODUCT_NAME = "$(TARGET_NAME)";
				SWIFT_VERSION = 5.0;
			};
			name = Debug;
		};
		66312E162C9D147C006B7C94 /* Release */ = {
			isa = XCBuildConfiguration;
			buildSettings = {
				CODE_SIGN_STYLE = Automatic;
				DEVELOPMENT_TEAM = 36SCB82HS6;
				ENABLE_HARDENED_RUNTIME = YES;
				PRODUCT_NAME = "$(TARGET_NAME)";
				SWIFT_VERSION = 5.0;
			};
			name = Release;
		};
/* End XCBuildConfiguration section */

/* Begin XCConfigurationList section */
		66312E082C9D147C006B7C94 /* Build configuration list for PBXProject "CricketScoreCounter" */ = {
			isa = XCConfigurationList;
			buildConfigurations = (
				66312E122C9D147C006B7C94 /* Debug */,
				66312E132C9D147C006B7C94 /* Release */,
			);
			defaultConfigurationIsVisible = 0;
			defaultConfigurationName = Release;
		};
		66312E142C9D147C006B7C94 /* Build configuration list for PBXNativeTarget "CricketScoreCounter" */ = {
			isa = XCConfigurationList;
			buildConfigurations = (
				66312E152C9D147C006B7C94 /* Debug */,
				66312E162C9D147C006B7C94 /* Release */,
			);
			defaultConfigurationIsVisible = 0;
			defaultConfigurationName = Release;
		};
/* End XCConfigurationList section */
	};
	rootObject = 66312E052C9D147C006B7C94 /* Project object */;
}
